// !$*UTF8*$!
{
	archiveVersion = 1;
	classes = {
	};
	objectVersion = 56;
	objects = {

/* Begin PBXBuildFile section */
		523C768D2BE39C3300701D17 /* TechieButlerApp.swift in Sources */ = {isa = PBXBuildFile; fileRef = 523C768C2BE39C3300701D17 /* TechieButlerApp.swift */; };
		523C768F2BE39C3300701D17 /* ContentView.swift in Sources */ = {isa = PBXBuildFile; fileRef = 523C768E2BE39C3300701D17 /* ContentView.swift */; };
		523C76912BE39C3500701D17 /* Assets.xcassets in Resources */ = {isa = PBXBuildFile; fileRef = 523C76902BE39C3500701D17 /* Assets.xcassets */; };
		523C76942BE39C3500701D17 /* Preview Assets.xcassets in Resources */ = {isa = PBXBuildFile; fileRef = 523C76932BE39C3500701D17 /* Preview Assets.xcassets */; };
		523C76962BE39C3500701D17 /* Persistence.swift in Sources */ = {isa = PBXBuildFile; fileRef = 523C76952BE39C3500701D17 /* Persistence.swift */; };
		523C76992BE39C3500701D17 /* TechieButler.xcdatamodeld in Sources */ = {isa = PBXBuildFile; fileRef = 523C76972BE39C3500701D17 /* TechieButler.xcdatamodeld */; };
		523C76A32BE39C3500701D17 /* TechieButlerTests.swift in Sources */ = {isa = PBXBuildFile; fileRef = 523C76A22BE39C3500701D17 /* TechieButlerTests.swift */; };
		523C76AD2BE39C3500701D17 /* TechieButlerUITests.swift in Sources */ = {isa = PBXBuildFile; fileRef = 523C76AC2BE39C3500701D17 /* TechieButlerUITests.swift */; };
		523C76AF2BE39C3500701D17 /* TechieButlerUITestsLaunchTests.swift in Sources */ = {isa = PBXBuildFile; fileRef = 523C76AE2BE39C3500701D17 /* TechieButlerUITestsLaunchTests.swift */; };
/* End PBXBuildFile section */

/* Begin PBXContainerItemProxy section */
		523C769F2BE39C3500701D17 /* PBXContainerItemProxy */ = {
			isa = PBXContainerItemProxy;
			containerPortal = 523C76812BE39C3300701D17 /* Project object */;
			proxyType = 1;
			remoteGlobalIDString = 523C76882BE39C3300701D17;
			remoteInfo = TechieButler;
		};
		523C76A92BE39C3500701D17 /* PBXContainerItemProxy */ = {
			isa = PBXContainerItemProxy;
			containerPortal = 523C76812BE39C3300701D17 /* Project object */;
			proxyType = 1;
			remoteGlobalIDString = 523C76882BE39C3300701D17;
			remoteInfo = TechieButler;
		};
/* End PBXContainerItemProxy section */

/* Begin PBXFileReference section */
		523C76892BE39C3300701D17 /* TechieButler.app */ = {isa = PBXFileReference; explicitFileType = wrapper.application; includeInIndex = 0; path = TechieButler.app; sourceTree = BUILT_PRODUCTS_DIR; };
		523C768C2BE39C3300701D17 /* TechieButlerApp.swift */ = {isa = PBXFileReference; lastKnownFileType = sourcecode.swift; path = TechieButlerApp.swift; sourceTree = "<group>"; };
		523C768E2BE39C3300701D17 /* ContentView.swift */ = {isa = PBXFileReference; lastKnownFileType = sourcecode.swift; path = ContentView.swift; sourceTree = "<group>"; };
		523C76902BE39C3500701D17 /* Assets.xcassets */ = {isa = PBXFileReference; lastKnownFileType = folder.assetcatalog; path = Assets.xcassets; sourceTree = "<group>"; };
		523C76932BE39C3500701D17 /* Preview Assets.xcassets */ = {isa = PBXFileReference; lastKnownFileType = folder.assetcatalog; path = "Preview Assets.xcassets"; sourceTree = "<group>"; };
		523C76952BE39C3500701D17 /* Persistence.swift */ = {isa = PBXFileReference; lastKnownFileType = sourcecode.swift; path = Persistence.swift; sourceTree = "<group>"; };
		523C76982BE39C3500701D17 /* TechieButler.xcdatamodel */ = {isa = PBXFileReference; lastKnownFileType = wrapper.xcdatamodel; path = TechieButler.xcdatamodel; sourceTree = "<group>"; };
		523C769E2BE39C3500701D17 /* TechieButlerTests.xctest */ = {isa = PBXFileReference; explicitFileType = wrapper.cfbundle; includeInIndex = 0; path = TechieButlerTests.xctest; sourceTree = BUILT_PRODUCTS_DIR; };
		523C76A22BE39C3500701D17 /* TechieButlerTests.swift */ = {isa = PBXFileReference; lastKnownFileType = sourcecode.swift; path = TechieButlerTests.swift; sourceTree = "<group>"; };
		523C76A82BE39C3500701D17 /* TechieButlerUITests.xctest */ = {isa = PBXFileReference; explicitFileType = wrapper.cfbundle; includeInIndex = 0; path = TechieButlerUITests.xctest; sourceTree = BUILT_PRODUCTS_DIR; };
		523C76AC2BE39C3500701D17 /* TechieButlerUITests.swift */ = {isa = PBXFileReference; lastKnownFileType = sourcecode.swift; path = TechieButlerUITests.swift; sourceTree = "<group>"; };
		523C76AE2BE39C3500701D17 /* TechieButlerUITestsLaunchTests.swift */ = {isa = PBXFileReference; lastKnownFileType = sourcecode.swift; path = TechieButlerUITestsLaunchTests.swift; sourceTree = "<group>"; };
/* End PBXFileReference section */

/* Begin PBXFrameworksBuildPhase section */
		523C76862BE39C3300701D17 /* Frameworks */ = {
			isa = PBXFrameworksBuildPhase;
			buildActionMask = 2147483647;
			files = (
			);
			runOnlyForDeploymentPostprocessing = 0;
		};
		523C769B2BE39C3500701D17 /* Frameworks */ = {
			isa = PBXFrameworksBuildPhase;
			buildActionMask = 2147483647;
			files = (
			);
			runOnlyForDeploymentPostprocessing = 0;
		};
		523C76A52BE39C3500701D17 /* Frameworks */ = {
			isa = PBXFrameworksBuildPhase;
			buildActionMask = 2147483647;
			files = (
			);
			runOnlyForDeploymentPostprocessing = 0;
		};
/* End PBXFrameworksBuildPhase section */

/* Begin PBXGroup section */
		523C76802BE39C3300701D17 = {
			isa = PBXGroup;
			children = (
				523C768B2BE39C3300701D17 /* TechieButler */,
				523C76A12BE39C3500701D17 /* TechieButlerTests */,
				523C76AB2BE39C3500701D17 /* TechieButlerUITests */,
				523C768A2BE39C3300701D17 /* Products */,
			);
			sourceTree = "<group>";
		};
		523C768A2BE39C3300701D17 /* Products */ = {
			isa = PBXGroup;
			children = (
				523C76892BE39C3300701D17 /* TechieButler.app */,
				523C769E2BE39C3500701D17 /* TechieButlerTests.xctest */,
				523C76A82BE39C3500701D17 /* TechieButlerUITests.xctest */,
			);
			name = Products;
			sourceTree = "<group>";
		};
		523C768B2BE39C3300701D17 /* TechieButler */ = {
			isa = PBXGroup;
			children = (
				523C768C2BE39C3300701D17 /* TechieButlerApp.swift */,
				523C768E2BE39C3300701D17 /* ContentView.swift */,
				523C76902BE39C3500701D17 /* Assets.xcassets */,
				523C76952BE39C3500701D17 /* Persistence.swift */,
				523C76972BE39C3500701D17 /* TechieButler.xcdatamodeld */,
				523C76922BE39C3500701D17 /* Preview Content */,
			);
			path = TechieButler;
			sourceTree = "<group>";
		};
		523C76922BE39C3500701D17 /* Preview Content */ = {
			isa = PBXGroup;
			children = (
				523C76932BE39C3500701D17 /* Preview Assets.xcassets */,
			);
			path = "Preview Content";
			sourceTree = "<group>";
		};
		523C76A12BE39C3500701D17 /* TechieButlerTests */ = {
			isa = PBXGroup;
			children = (
				523C76A22BE39C3500701D17 /* TechieButlerTests.swift */,
			);
			path = TechieButlerTests;
			sourceTree = "<group>";
		};
		523C76AB2BE39C3500701D17 /* TechieButlerUITests */ = {
			isa = PBXGroup;
			children = (
				523C76AC2BE39C3500701D17 /* TechieButlerUITests.swift */,
				523C76AE2BE39C3500701D17 /* TechieButlerUITestsLaunchTests.swift */,
			);
			path = TechieButlerUITests;
			sourceTree = "<group>";
		};
/* End PBXGroup section */

/* Begin PBXNativeTarget section */
		523C76882BE39C3300701D17 /* TechieButler */ = {
			isa = PBXNativeTarget;
			buildConfigurationList = 523C76B22BE39C3500701D17 /* Build configuration list for PBXNativeTarget "TechieButler" */;
			buildPhases = (
				523C76852BE39C3300701D17 /* Sources */,
				523C76862BE39C3300701D17 /* Frameworks */,
				523C76872BE39C3300701D17 /* Resources */,
			);
			buildRules = (
			);
			dependencies = (
			);
			name = TechieButler;
			productName = TechieButler;
			productReference = 523C76892BE39C3300701D17 /* TechieButler.app */;
			productType = "com.apple.product-type.application";
		};
		523C769D2BE39C3500701D17 /* TechieButlerTests */ = {
			isa = PBXNativeTarget;
			buildConfigurationList = 523C76B52BE39C3500701D17 /* Build configuration list for PBXNativeTarget "TechieButlerTests" */;
			buildPhases = (
				523C769A2BE39C3500701D17 /* Sources */,
				523C769B2BE39C3500701D17 /* Frameworks */,
				523C769C2BE39C3500701D17 /* Resources */,
			);
			buildRules = (
			);
			dependencies = (
				523C76A02BE39C3500701D17 /* PBXTargetDependency */,
			);
			name = TechieButlerTests;
			productName = TechieButlerTests;
			productReference = 523C769E2BE39C3500701D17 /* TechieButlerTests.xctest */;
			productType = "com.apple.product-type.bundle.unit-test";
		};
		523C76A72BE39C3500701D17 /* TechieButlerUITests */ = {
			isa = PBXNativeTarget;
			buildConfigurationList = 523C76B82BE39C3500701D17 /* Build configuration list for PBXNativeTarget "TechieButlerUITests" */;
			buildPhases = (
				523C76A42BE39C3500701D17 /* Sources */,
				523C76A52BE39C3500701D17 /* Frameworks */,
				523C76A62BE39C3500701D17 /* Resources */,
			);
			buildRules = (
			);
			dependencies = (
				523C76AA2BE39C3500701D17 /* PBXTargetDependency */,
			);
			name = TechieButlerUITests;
			productName = TechieButlerUITests;
			productReference = 523C76A82BE39C3500701D17 /* TechieButlerUITests.xctest */;
			productType = "com.apple.product-type.bundle.ui-testing";
		};
/* End PBXNativeTarget section */

/* Begin PBXProject section */
		523C76812BE39C3300701D17 /* Project object */ = {
			isa = PBXProject;
			attributes = {
				BuildIndependentTargetsInParallel = 1;
				LastSwiftUpdateCheck = 1510;
				LastUpgradeCheck = 1510;
				TargetAttributes = {
					523C76882BE39C3300701D17 = {
						CreatedOnToolsVersion = 15.1;
					};
					523C769D2BE39C3500701D17 = {
						CreatedOnToolsVersion = 15.1;
						TestTargetID = 523C76882BE39C3300701D17;
					};
					523C76A72BE39C3500701D17 = {
						CreatedOnToolsVersion = 15.1;
						TestTargetID = 523C76882BE39C3300701D17;
					};
				};
			};
			buildConfigurationList = 523C76842BE39C3300701D17 /* Build configuration list for PBXProject "TechieButler" */;
			compatibilityVersion = "Xcode 14.0";
			developmentRegion = en;
			hasScannedForEncodings = 0;
			knownRegions = (
				en,
				Base,
			);
			mainGroup = 523C76802BE39C3300701D17;
			productRefGroup = 523C768A2BE39C3300701D17 /* Products */;
			projectDirPath = "";
			projectRoot = "";
			targets = (
				523C76882BE39C3300701D17 /* TechieButler */,
				523C769D2BE39C3500701D17 /* TechieButlerTests */,
				523C76A72BE39C3500701D17 /* TechieButlerUITests */,
			);
		};
/* End PBXProject section */

/* Begin PBXResourcesBuildPhase section */
		523C76872BE39C3300701D17 /* Resources */ = {
			isa = PBXResourcesBuildPhase;
			buildActionMask = 2147483647;
			files = (
				523C76942BE39C3500701D17 /* Preview Assets.xcassets in Resources */,
				523C76912BE39C3500701D17 /* Assets.xcassets in Resources */,
			);
			runOnlyForDeploymentPostprocessing = 0;
		};
		523C769C2BE39C3500701D17 /* Resources */ = {
			isa = PBXResourcesBuildPhase;
			buildActionMask = 2147483647;
			files = (
			);
			runOnlyForDeploymentPostprocessing = 0;
		};
		523C76A62BE39C3500701D17 /* Resources */ = {
			isa = PBXResourcesBuildPhase;
			buildActionMask = 2147483647;
			files = (
			);
			runOnlyForDeploymentPostprocessing = 0;
		};
/* End PBXResourcesBuildPhase section */

/* Begin PBXSourcesBuildPhase section */
		523C76852BE39C3300701D17 /* Sources */ = {
			isa = PBXSourcesBuildPhase;
			buildActionMask = 2147483647;
			files = (
				523C76962BE39C3500701D17 /* Persistence.swift in Sources */,
				523C76992BE39C3500701D17 /* TechieButler.xcdatamodeld in Sources */,
				523C768F2BE39C3300701D17 /* ContentView.swift in Sources */,
				523C768D2BE39C3300701D17 /* TechieButlerApp.swift in Sources */,
			);
			runOnlyForDeploymentPostprocessing = 0;
		};
		523C769A2BE39C3500701D17 /* Sources */ = {
			isa = PBXSourcesBuildPhase;
			buildActionMask = 2147483647;
			files = (
				523C76A32BE39C3500701D17 /* TechieButlerTests.swift in Sources */,
			);
			runOnlyForDeploymentPostprocessing = 0;
		};
		523C76A42BE39C3500701D17 /* Sources */ = {
			isa = PBXSourcesBuildPhase;
			buildActionMask = 2147483647;
			files = (
				523C76AF2BE39C3500701D17 /* TechieButlerUITestsLaunchTests.swift in Sources */,
				523C76AD2BE39C3500701D17 /* TechieButlerUITests.swift in Sources */,
			);
			runOnlyForDeploymentPostprocessing = 0;
		};
/* End PBXSourcesBuildPhase section */

/* Begin PBXTargetDependency section */
		523C76A02BE39C3500701D17 /* PBXTargetDependency */ = {
			isa = PBXTargetDependency;
			target = 523C76882BE39C3300701D17 /* TechieButler */;
			targetProxy = 523C769F2BE39C3500701D17 /* PBXContainerItemProxy */;
		};
		523C76AA2BE39C3500701D17 /* PBXTargetDependency */ = {
			isa = PBXTargetDependency;
			target = 523C76882BE39C3300701D17 /* TechieButler */;
			targetProxy = 523C76A92BE39C3500701D17 /* PBXContainerItemProxy */;
		};
/* End PBXTargetDependency section */

/* Begin XCBuildConfiguration section */
		523C76B02BE39C3500701D17 /* Debug */ = {
			isa = XCBuildConfiguration;
			buildSettings = {
				ALWAYS_SEARCH_USER_PATHS = NO;
				ASSETCATALOG_COMPILER_GENERATE_SWIFT_ASSET_SYMBOL_EXTENSIONS = YES;
				CLANG_ANALYZER_NONNULL = YES;
				CLANG_ANALYZER_NUMBER_OBJECT_CONVERSION = YES_AGGRESSIVE;
				CLANG_CXX_LANGUAGE_STANDARD = "gnu++20";
				CLANG_ENABLE_MODULES = YES;
				CLANG_ENABLE_OBJC_ARC = YES;
				CLANG_ENABLE_OBJC_WEAK = YES;
				CLANG_WARN_BLOCK_CAPTURE_AUTORELEASING = YES;
				CLANG_WARN_BOOL_CONVERSION = YES;
				CLANG_WARN_COMMA = YES;
				CLANG_WARN_CONSTANT_CONVERSION = YES;
				CLANG_WARN_DEPRECATED_OBJC_IMPLEMENTATIONS = YES;
				CLANG_WARN_DIRECT_OBJC_ISA_USAGE = YES_ERROR;
				CLANG_WARN_DOCUMENTATION_COMMENTS = YES;
				CLANG_WARN_EMPTY_BODY = YES;
				CLANG_WARN_ENUM_CONVERSION = YES;
				CLANG_WARN_INFINITE_RECURSION = YES;
				CLANG_WARN_INT_CONVERSION = YES;
				CLANG_WARN_NON_LITERAL_NULL_CONVERSION = YES;
				CLANG_WARN_OBJC_IMPLICIT_RETAIN_SELF = YES;
				CLANG_WARN_OBJC_LITERAL_CONVERSION = YES;
				CLANG_WARN_OBJC_ROOT_CLASS = YES_ERROR;
				CLANG_WARN_QUOTED_INCLUDE_IN_FRAMEWORK_HEADER = YES;
				CLANG_WARN_RANGE_LOOP_ANALYSIS = YES;
				CLANG_WARN_STRICT_PROTOTYPES = YES;
				CLANG_WARN_SUSPICIOUS_MOVE = YES;
				CLANG_WARN_UNGUARDED_AVAILABILITY = YES_AGGRESSIVE;
				CLANG_WARN_UNREACHABLE_CODE = YES;
				CLANG_WARN__DUPLICATE_METHOD_MATCH = YES;
				COPY_PHASE_STRIP = NO;
				DEBUG_INFORMATION_FORMAT = dwarf;
				ENABLE_STRICT_OBJC_MSGSEND = YES;
				ENABLE_TESTABILITY = YES;
				ENABLE_USER_SCRIPT_SANDBOXING = YES;
				GCC_C_LANGUAGE_STANDARD = gnu17;
				GCC_DYNAMIC_NO_PIC = NO;
				GCC_NO_COMMON_BLOCKS = YES;
				GCC_OPTIMIZATION_LEVEL = 0;
				GCC_PREPROCESSOR_DEFINITIONS = (
					"DEBUG=1",
					"$(inherited)",
				);
				GCC_WARN_64_TO_32_BIT_CONVERSION = YES;
				GCC_WARN_ABOUT_RETURN_TYPE = YES_ERROR;
				GCC_WARN_UNDECLARED_SELECTOR = YES;
				GCC_WARN_UNINITIALIZED_AUTOS = YES_AGGRESSIVE;
				GCC_WARN_UNUSED_FUNCTION = YES;
				GCC_WARN_UNUSED_VARIABLE = YES;
				IPHONEOS_DEPLOYMENT_TARGET = 17.2;
				LOCALIZATION_PREFERS_STRING_CATALOGS = YES;
				MTL_ENABLE_DEBUG_INFO = INCLUDE_SOURCE;
				MTL_FAST_MATH = YES;
				ONLY_ACTIVE_ARCH = YES;
				SDKROOT = iphoneos;
				SWIFT_ACTIVE_COMPILATION_CONDITIONS = "DEBUG $(inherited)";
				SWIFT_OPTIMIZATION_LEVEL = "-Onone";
			};
			name = Debug;
		};
		523C76B12BE39C3500701D17 /* Release */ = {
			isa = XCBuildConfiguration;
			buildSettings = {
				ALWAYS_SEARCH_USER_PATHS = NO;
				ASSETCATALOG_COMPILER_GENERATE_SWIFT_ASSET_SYMBOL_EXTENSIONS = YES;
				CLANG_ANALYZER_NONNULL = YES;
				CLANG_ANALYZER_NUMBER_OBJECT_CONVERSION = YES_AGGRESSIVE;
				CLANG_CXX_LANGUAGE_STANDARD = "gnu++20";
				CLANG_ENABLE_MODULES = YES;
				CLANG_ENABLE_OBJC_ARC = YES;
				CLANG_ENABLE_OBJC_WEAK = YES;
				CLANG_WARN_BLOCK_CAPTURE_AUTORELEASING = YES;
				CLANG_WARN_BOOL_CONVERSION = YES;
				CLANG_WARN_COMMA = YES;
				CLANG_WARN_CONSTANT_CONVERSION = YES;
				CLANG_WARN_DEPRECATED_OBJC_IMPLEMENTATIONS = YES;
				CLANG_WARN_DIRECT_OBJC_ISA_USAGE = YES_ERROR;
				CLANG_WARN_DOCUMENTATION_COMMENTS = YES;
				CLANG_WARN_EMPTY_BODY = YES;
				CLANG_WARN_ENUM_CONVERSION = YES;
				CLANG_WARN_INFINITE_RECURSION = YES;
				CLANG_WARN_INT_CONVERSION = YES;
				CLANG_WARN_NON_LITERAL_NULL_CONVERSION = YES;
				CLANG_WARN_OBJC_IMPLICIT_RETAIN_SELF = YES;
				CLANG_WARN_OBJC_LITERAL_CONVERSION = YES;
				CLANG_WARN_OBJC_ROOT_CLASS = YES_ERROR;
				CLANG_WARN_QUOTED_INCLUDE_IN_FRAMEWORK_HEADER = YES;
				CLANG_WARN_RANGE_LOOP_ANALYSIS = YES;
				CLANG_WARN_STRICT_PROTOTYPES = YES;
				CLANG_WARN_SUSPICIOUS_MOVE = YES;
				CLANG_WARN_UNGUARDED_AVAILABILITY = YES_AGGRESSIVE;
				CLANG_WARN_UNREACHABLE_CODE = YES;
				CLANG_WARN__DUPLICATE_METHOD_MATCH = YES;
				COPY_PHASE_STRIP = NO;
				DEBUG_INFORMATION_FORMAT = "dwarf-with-dsym";
				ENABLE_NS_ASSERTIONS = NO;
				ENABLE_STRICT_OBJC_MSGSEND = YES;
				ENABLE_USER_SCRIPT_SANDBOXING = YES;
				GCC_C_LANGUAGE_STANDARD = gnu17;
				GCC_NO_COMMON_BLOCKS = YES;
				GCC_WARN_64_TO_32_BIT_CONVERSION = YES;
				GCC_WARN_ABOUT_RETURN_TYPE = YES_ERROR;
				GCC_WARN_UNDECLARED_SELECTOR = YES;
				GCC_WARN_UNINITIALIZED_AUTOS = YES_AGGRESSIVE;
				GCC_WARN_UNUSED_FUNCTION = YES;
				GCC_WARN_UNUSED_VARIABLE = YES;
				IPHONEOS_DEPLOYMENT_TARGET = 17.2;
				LOCALIZATION_PREFERS_STRING_CATALOGS = YES;
				MTL_ENABLE_DEBUG_INFO = NO;
				MTL_FAST_MATH = YES;
				SDKROOT = iphoneos;
				SWIFT_COMPILATION_MODE = wholemodule;
				VALIDATE_PRODUCT = YES;
			};
			name = Release;
		};
		523C76B32BE39C3500701D17 /* Debug */ = {
			isa = XCBuildConfiguration;
			buildSettings = {
				ASSETCATALOG_COMPILER_APPICON_NAME = AppIcon;
				ASSETCATALOG_COMPILER_GLOBAL_ACCENT_COLOR_NAME = AccentColor;
				CODE_SIGN_STYLE = Automatic;
				CURRENT_PROJECT_VERSION = 1;
				DEVELOPMENT_ASSET_PATHS = "\"TechieButler/Preview Content\"";
				ENABLE_PREVIEWS = YES;
				GENERATE_INFOPLIST_FILE = YES;
				INFOPLIST_KEY_UIApplicationSceneManifest_Generation = YES;
				INFOPLIST_KEY_UIApplicationSupportsIndirectInputEvents = YES;
				INFOPLIST_KEY_UILaunchScreen_Generation = YES;
				INFOPLIST_KEY_UISupportedInterfaceOrientations_iPad = "UIInterfaceOrientationPortrait UIInterfaceOrientationPortraitUpsideDown UIInterfaceOrientationLandscapeLeft UIInterfaceOrientationLandscapeRight";
				INFOPLIST_KEY_UISupportedInterfaceOrientations_iPhone = "UIInterfaceOrientationPortrait UIInterfaceOrientationLandscapeLeft UIInterfaceOrientationLandscapeRight";
				LD_RUNPATH_SEARCH_PATHS = (
					"$(inherited)",
					"@executable_path/Frameworks",
				);
				MARKETING_VERSION = 1.0;
				PRODUCT_BUNDLE_IDENTIFIER = com.shivansh.app.TechieButler;
				PRODUCT_NAME = "$(TARGET_NAME)";
				SWIFT_EMIT_LOC_STRINGS = YES;
				SWIFT_VERSION = 5.0;
				TARGETED_DEVICE_FAMILY = "1,2";
			};
			name = Debug;
		};
		523C76B42BE39C3500701D17 /* Release */ = {
			isa = XCBuildConfiguration;
			buildSettings = {
				ASSETCATALOG_COMPILER_APPICON_NAME = AppIcon;
				ASSETCATALOG_COMPILER_GLOBAL_ACCENT_COLOR_NAME = AccentColor;
				CODE_SIGN_STYLE = Automatic;
				CURRENT_PROJECT_VERSION = 1;
				DEVELOPMENT_ASSET_PATHS = "\"TechieButler/Preview Content\"";
				ENABLE_PREVIEWS = YES;
				GENERATE_INFOPLIST_FILE = YES;
				INFOPLIST_KEY_UIApplicationSceneManifest_Generation = YES;
				INFOPLIST_KEY_UIApplicationSupportsIndirectInputEvents = YES;
				INFOPLIST_KEY_UILaunchScreen_Generation = YES;
				INFOPLIST_KEY_UISupportedInterfaceOrientations_iPad = "UIInterfaceOrientationPortrait UIInterfaceOrientationPortraitUpsideDown UIInterfaceOrientationLandscapeLeft UIInterfaceOrientationLandscapeRight";
				INFOPLIST_KEY_UISupportedInterfaceOrientations_iPhone = "UIInterfaceOrientationPortrait UIInterfaceOrientationLandscapeLeft UIInterfaceOrientationLandscapeRight";
				LD_RUNPATH_SEARCH_PATHS = (
					"$(inherited)",
					"@executable_path/Frameworks",
				);
				MARKETING_VERSION = 1.0;
				PRODUCT_BUNDLE_IDENTIFIER = com.shivansh.app.TechieButler;
				PRODUCT_NAME = "$(TARGET_NAME)";
				SWIFT_EMIT_LOC_STRINGS = YES;
				SWIFT_VERSION = 5.0;
				TARGETED_DEVICE_FAMILY = "1,2";
			};
			name = Release;
		};
		523C76B62BE39C3500701D17 /* Debug */ = {
			isa = XCBuildConfiguration;
			buildSettings = {
				ALWAYS_EMBED_SWIFT_STANDARD_LIBRARIES = YES;
				BUNDLE_LOADER = "$(TEST_HOST)";
				CODE_SIGN_STYLE = Automatic;
				CURRENT_PROJECT_VERSION = 1;
				GENERATE_INFOPLIST_FILE = YES;
				IPHONEOS_DEPLOYMENT_TARGET = 17.2;
				MARKETING_VERSION = 1.0;
				PRODUCT_BUNDLE_IDENTIFIER = com.shivansh.app.TechieButlerTests;
				PRODUCT_NAME = "$(TARGET_NAME)";
				SWIFT_EMIT_LOC_STRINGS = NO;
				SWIFT_VERSION = 5.0;
				TARGETED_DEVICE_FAMILY = "1,2";
				TEST_HOST = "$(BUILT_PRODUCTS_DIR)/TechieButler.app/$(BUNDLE_EXECUTABLE_FOLDER_PATH)/TechieButler";
			};
			name = Debug;
		};
		523C76B72BE39C3500701D17 /* Release */ = {
			isa = XCBuildConfiguration;
			buildSettings = {
				ALWAYS_EMBED_SWIFT_STANDARD_LIBRARIES = YES;
				BUNDLE_LOADER = "$(TEST_HOST)";
				CODE_SIGN_STYLE = Automatic;
				CURRENT_PROJECT_VERSION = 1;
				GENERATE_INFOPLIST_FILE = YES;
				IPHONEOS_DEPLOYMENT_TARGET = 17.2;
				MARKETING_VERSION = 1.0;
				PRODUCT_BUNDLE_IDENTIFIER = com.shivansh.app.TechieButlerTests;
				PRODUCT_NAME = "$(TARGET_NAME)";
				SWIFT_EMIT_LOC_STRINGS = NO;
				SWIFT_VERSION = 5.0;
				TARGETED_DEVICE_FAMILY = "1,2";
				TEST_HOST = "$(BUILT_PRODUCTS_DIR)/TechieButler.app/$(BUNDLE_EXECUTABLE_FOLDER_PATH)/TechieButler";
			};
			name = Release;
		};
		523C76B92BE39C3500701D17 /* Debug */ = {
			isa = XCBuildConfiguration;
			buildSettings = {
				ALWAYS_EMBED_SWIFT_STANDARD_LIBRARIES = YES;
				CODE_SIGN_STYLE = Automatic;
				CURRENT_PROJECT_VERSION = 1;
				GENERATE_INFOPLIST_FILE = YES;
				MARKETING_VERSION = 1.0;
				PRODUCT_BUNDLE_IDENTIFIER = com.shivansh.app.TechieButlerUITests;
				PRODUCT_NAME = "$(TARGET_NAME)";
				SWIFT_EMIT_LOC_STRINGS = NO;
				SWIFT_VERSION = 5.0;
				TARGETED_DEVICE_FAMILY = "1,2";
				TEST_TARGET_NAME = TechieButler;
			};
			name = Debug;
		};
		523C76BA2BE39C3500701D17 /* Release */ = {
			isa = XCBuildConfiguration;
			buildSettings = {
				ALWAYS_EMBED_SWIFT_STANDARD_LIBRARIES = YES;
				CODE_SIGN_STYLE = Automatic;
				CURRENT_PROJECT_VERSION = 1;
				GENERATE_INFOPLIST_FILE = YES;
				MARKETING_VERSION = 1.0;
				PRODUCT_BUNDLE_IDENTIFIER = com.shivansh.app.TechieButlerUITests;
				PRODUCT_NAME = "$(TARGET_NAME)";
				SWIFT_EMIT_LOC_STRINGS = NO;
				SWIFT_VERSION = 5.0;
				TARGETED_DEVICE_FAMILY = "1,2";
				TEST_TARGET_NAME = TechieButler;
			};
			name = Release;
		};
/* End XCBuildConfiguration section */

/* Begin XCConfigurationList section */
		523C76842BE39C3300701D17 /* Build configuration list for PBXProject "TechieButler" */ = {
			isa = XCConfigurationList;
			buildConfigurations = (
				523C76B02BE39C3500701D17 /* Debug */,
				523C76B12BE39C3500701D17 /* Release */,
			);
			defaultConfigurationIsVisible = 0;
			defaultConfigurationName = Release;
		};
		523C76B22BE39C3500701D17 /* Build configuration list for PBXNativeTarget "TechieButler" */ = {
			isa = XCConfigurationList;
			buildConfigurations = (
				523C76B32BE39C3500701D17 /* Debug */,
				523C76B42BE39C3500701D17 /* Release */,
			);
			defaultConfigurationIsVisible = 0;
			defaultConfigurationName = Release;
		};
		523C76B52BE39C3500701D17 /* Build configuration list for PBXNativeTarget "TechieButlerTests" */ = {
			isa = XCConfigurationList;
			buildConfigurations = (
				523C76B62BE39C3500701D17 /* Debug */,
				523C76B72BE39C3500701D17 /* Release */,
			);
			defaultConfigurationIsVisible = 0;
			defaultConfigurationName = Release;
		};
		523C76B82BE39C3500701D17 /* Build configuration list for PBXNativeTarget "TechieButlerUITests" */ = {
			isa = XCConfigurationList;
			buildConfigurations = (
				523C76B92BE39C3500701D17 /* Debug */,
				523C76BA2BE39C3500701D17 /* Release */,
			);
			defaultConfigurationIsVisible = 0;
			defaultConfigurationName = Release;
		};
/* End XCConfigurationList section */

/* Begin XCVersionGroup section */
		523C76972BE39C3500701D17 /* TechieButler.xcdatamodeld */ = {
			isa = XCVersionGroup;
			children = (
				523C76982BE39C3500701D17 /* TechieButler.xcdatamodel */,
			);
			currentVersion = 523C76982BE39C3500701D17 /* TechieButler.xcdatamodel */;
			path = TechieButler.xcdatamodeld;
			sourceTree = "<group>";
			versionGroupType = wrapper.xcdatamodel;
		};
/* End XCVersionGroup section */
	};
	rootObject = 523C76812BE39C3300701D17 /* Project object */;
}
